{
  "name": "createjs",
  "version": "1.0.0",
  "lockfileVersion": 1,
  "requires": true,
  "dependencies": {
    "@types/createjs": {
      "version": "0.0.29",
      "resolved": "https://registry.npmjs.org/@types/createjs/-/createjs-0.0.29.tgz",
      "integrity": "sha1-TRmw/qo4JS3NedeKOKTMbfPxgfw=",
      "requires": {
        "@types/createjs-lib": "*",
        "@types/easeljs": "*",
        "@types/preloadjs": "*",
        "@types/soundjs": "*",
        "@types/tweenjs": "*"
      }
    },
    "@types/createjs-lib": {
      "version": "0.0.29",
      "resolved": "https://registry.npmjs.org/@types/createjs-lib/-/createjs-lib-0.0.29.tgz",
      "integrity": "sha1-+uguO6hgZmOxkOeJzsfZxyj8Qdc="
    },
    "@types/easeljs": {
      "version": "1.0.1",
      "resolved": "https://registry.npmjs.org/@types/easeljs/-/easeljs-1.0.1.tgz",
      "integrity": "sha512-mu4oIs+2CbN60Vgq8DSt7aXR2I0tV9K2ev/ZIPlkyE5UvQ+xIvw8D3NDB4dnGFkvHN303faYcETIhuvNDm6siQ==",
      "requires": {
        "@types/createjs-lib": "*",
        "@types/tweenjs": "*"
      }
    },
    "@types/preloadjs": {
      "version": "0.6.32",
      "resolved": "https://registry.npmjs.org/@types/preloadjs/-/preloadjs-0.6.32.tgz",
      "integrity": "sha1-Es/3x/kuODingNQ4zknIzsmBgw0=",
      "requires": {
        "@types/createjs-lib": "*"
      }
    },
    "@types/soundjs": {
      "version": "0.6.28",
      "resolved": "https://registry.npmjs.org/@types/soundjs/-/soundjs-0.6.28.tgz",
      "integrity": "sha512-K3ktwPvYfQrH+qGEe1tgxC5o4rJC7CVxQmL9Cz9tgVq0oW99PmPfRp1F7YXELibCvV3lieD4E0sUZvnDEKWaPg==",
      "requires": {
        "@types/createjs-lib": "*",
        "@types/preloadjs": "*"
      }
    },
    "@types/tweenjs": {
      "version": "1.0.4",
      "resolved": "https://registry.npmjs.org/@types/tweenjs/-/tweenjs-1.0.4.tgz",
      "integrity": "sha512-UnGcZRjGYz2w+2LB/70QkzWjtqOcTu4Nxa/Cy9YZ4I8HU44kcayNgbXZYMQu4ll7z+1GP7r1+viqLKNv7+Mrzw==",
      "requires": {
        "@types/createjs-lib": "*"
      }
    }
  }
}
